{
  "name": "io.cordova.contactel",
  "version": "1.0.0",
  "lockfileVersion": 3,
  "requires": true,
  "packages": {
    "": {
      "name": "io.cordova.contactel",
      "version": "1.0.0",
      "license": "Apache-2.0",
      "dependencies": {
        "io.cordova.contactel": "file:"
      }
    },
    "node_modules/io.cordova.contactel": {
      "resolved": "",
      "link": true
    }
  }
}
